
Microsoft Visual Studio Solution File, Format Version 12.00
# Visual Studio Version 17
VisualStudioVersion = 17.14.36414.22 d17.14
MinimumVisualStudioVersion = 10.0.40219.1
Project("{FAE04EC0-301F-11D3-BF4B-00C04F79EFBC}") = "SimpleToolkitDemo", "SimpleToolkitDemo\SimpleToolkitDemo.csproj", "{0DF82AE5-69EB-4CFE-94D3-D22BA9F22177}"
EndProject
Global
	GlobalSection(SolutionConfigurationPlatforms) = preSolution
		Debug|Any CPU = Debug|Any CPU
		Release|Any CPU = Release|Any CPU
	EndGlobalSection
	GlobalSection(ProjectConfigurationPlatforms) = postSolution
		{0DF82AE5-69EB-4CFE-94D3-D22BA9F22177}.Debug|Any CPU.ActiveCfg = Debug|Any CPU
		{0DF82AE5-69EB-4CFE-94D3-D22BA9F22177}.Debug|Any CPU.Build.0 = Debug|Any CPU
		{0DF82AE5-69EB-4CFE-94D3-D22BA9F22177}.Release|Any CPU.ActiveCfg = Release|Any CPU
		{0DF82AE5-69EB-4CFE-94D3-D22BA9F22177}.Release|Any CPU.Build.0 = Release|Any CPU
	EndGlobalSection
	GlobalSection(SolutionProperties) = preSolution
		HideSolutionNode = FALSE
	EndGlobalSection
	GlobalSection(ExtensibilityGlobals) = postSolution
		SolutionGuid = {2A8189B5-7457-4A39-AC57-48683BA553FB}
	EndGlobalSection
EndGlobal
